
Microsoft Visual Studio Solution File, Format Version 12.00
# Visual Studio Version 17
VisualStudioVersion = 17.5.33414.496
MinimumVisualStudioVersion = 10.0.40219.1
Project("{FAE04EC0-301F-11D3-BF4B-00C04F79EFBC}") = "Exercicio02_Arrays_vs_Lists", "Exercicio02_Arrays_vs_Lists.csproj", "{7CF43DF5-FBC3-44A5-8A48-DDBD647042B2}"
EndProject
Global
	GlobalSection(SolutionConfigurationPlatforms) = preSolution
		Debug|Any CPU = Debug|Any CPU
		Release|Any CPU = Release|Any CPU
	EndGlobalSection
	GlobalSection(ProjectConfigurationPlatforms) = postSolution
		{7CF43DF5-FBC3-44A5-8A48-DDBD647042B2}.Debug|Any CPU.ActiveCfg = Debug|Any CPU
		{7CF43DF5-FBC3-44A5-8A48-DDBD647042B2}.Debug|Any CPU.Build.0 = Debug|Any CPU
		{7CF43DF5-FBC3-44A5-8A48-DDBD647042B2}.Release|Any CPU.ActiveCfg = Release|Any CPU
		{7CF43DF5-FBC3-44A5-8A48-DDBD647042B2}.Release|Any CPU.Build.0 = Release|Any CPU
	EndGlobalSection
	GlobalSection(SolutionProperties) = preSolution
		HideSolutionNode = FALSE
	EndGlobalSection
	GlobalSection(ExtensibilityGlobals) = postSolution
		SolutionGuid = {2EECB3EE-C4E1-4AE5-AB78-5A434F046F30}
	EndGlobalSection
EndGlobal
